# THIS IS AN AUTOGENERATED FILE. DO NOT EDIT THIS FILE DIRECTLY.
# yarn lockfile v1


"@now/node@^0.12.6":
  version "0.12.6"
  resolved "https://registry.yarnpkg.com/@now/node/-/node-0.12.6.tgz#6feecd767c56d9e4b1f58f38be19398a75b01dc0"
  integrity sha512-CdOfJFZXOjwRgvn24LNCgN+NFcDEu2WTk7diZzrsYXcQcdMgFkLh+A42F/nn4sPNGkgfcfSi83N0ra5OkL/y/A==
  dependencies:
    "@types/node" "*"

"@types/node@*":
  version "12.7.2"
  resolved "https://registry.yarnpkg.com/@types/node/-/node-12.7.2.tgz#c4e63af5e8823ce9cc3f0b34f7b998c2171f0c44"
  integrity sha512-dyYO+f6ihZEtNPDcWNR1fkoTDf3zAK3lAABDze3mz6POyIercH0lEUawUFXlG8xaQZmm1yEBON/4TsYv/laDYg==
